
Microsoft Visual Studio Solution File, Format Version 11.00
# Visual Studio 2010
Project("{8BC9CEB8-8B4A-11D0-8D11-00A0C91BC942}") = "RTMPCamera", "RTMPCamera.vcxproj", "{74A2F105-10E7-4A12-AB95-E2CA360060F4}"
EndProject
Global
	GlobalSection(SolutionConfigurationPlatforms) = preSolution
		Debug|Win32 = Debug|Win32
		Release|Win32 = Release|Win32
	EndGlobalSection
	GlobalSection(ProjectConfigurationPlatforms) = postSolution
		{74A2F105-10E7-4A12-AB95-E2CA360060F4}.Debug|Win32.ActiveCfg = Debug|Win32
		{74A2F105-10E7-4A12-AB95-E2CA360060F4}.Debug|Win32.Build.0 = Debug|Win32
		{74A2F105-10E7-4A12-AB95-E2CA360060F4}.Release|Win32.ActiveCfg = Release|Win32
		{74A2F105-10E7-4A12-AB95-E2CA360060F4}.Release|Win32.Build.0 = Release|Win32
	EndGlobalSection
	GlobalSection(SolutionProperties) = preSolution
		HideSolutionNode = FALSE
	EndGlobalSection
EndGlobal
